
Microsoft Visual Studio Solution File, Format Version 12.00
# Visual Studio Version 17
VisualStudioVersion = 17.3.32901.215
MinimumVisualStudioVersion = 10.0.40219.1
Project("{FAE04EC0-301F-11D3-BF4B-00C04F79EFBC}") = "FreelancerWebApp", "FreelancerWebApp\FreelancerWebApp.csproj", "{EFBA8DD0-5646-498D-8425-0EEB3EA6DDAF}"
EndProject
Global
	GlobalSection(SolutionConfigurationPlatforms) = preSolution
		Debug|Any CPU = Debug|Any CPU
		Release|Any CPU = Release|Any CPU
	EndGlobalSection
	GlobalSection(ProjectConfigurationPlatforms) = postSolution
		{EFBA8DD0-5646-498D-8425-0EEB3EA6DDAF}.Debug|Any CPU.ActiveCfg = Debug|Any CPU
		{EFBA8DD0-5646-498D-8425-0EEB3EA6DDAF}.Debug|Any CPU.Build.0 = Debug|Any CPU
		{EFBA8DD0-5646-498D-8425-0EEB3EA6DDAF}.Release|Any CPU.ActiveCfg = Release|Any CPU
		{EFBA8DD0-5646-498D-8425-0EEB3EA6DDAF}.Release|Any CPU.Build.0 = Release|Any CPU
	EndGlobalSection
	GlobalSection(SolutionProperties) = preSolution
		HideSolutionNode = FALSE
	EndGlobalSection
	GlobalSection(ExtensibilityGlobals) = postSolution
		SolutionGuid = {EA26424F-45F0-46DB-A881-14B63F05C03F}
	EndGlobalSection
EndGlobal
